<?xml version="1.0" encoding="utf-8"?>
<Project ToolsVersion="4.0" xmlns="http://schemas.microsoft.com/developer/msbuild/2003">
  <ItemGroup>
    <Filter Include="Source Files">
      <UniqueIdentifier>{4FC737F1-C7A5-4376-A066-2A32D752A2FF}</UniqueIdentifier>
      <Extensions>cpp;c;cc;cxx;def;odl;idl;hpj;bat;asm;asmx</Extensions>
    </Filter>
    <Filter Include="Header Files">
      <UniqueIdentifier>{93995380-89BD-4b04-88EB-625FBE52EBFB}</UniqueIdentifier>
      <Extensions>h;hpp;hxx;hm;inl;inc;xsd</Extensions>
    </Filter>
    <Filter Include="Resource Files">
      <UniqueIdentifier>{67DA6AB6-F800-4c08-8B7A-83BB121AAD01}</UniqueIdentifier>
      <Extensions>rc;ico;cur;bmp;dlg;rc2;rct;bin;rgs;gif;jpg;jpeg;jpe;resx;tiff;tif;png;wav;mfcribbon-ms</Extensions>
    </Filter>
    <Filter Include="Tests">
      <UniqueIdentifier>{db9b8aa0-e8ac-4a31-8ba9-48bfba069268}</UniqueIdentifier>
    </Filter>
  </ItemGroup>
  <ItemGroup>
    <ClCompile Include="..\lib\json\jsoncpp.cpp">
      <Filter>Source Files</Filter>
    </ClCompile>
    <ClCompile Include="Sos.cpp">
      <Filter>Source Files</Filter>
    </ClCompile>
    <ClCompile Include="curlTest.cpp">
      <Filter>Tests</Filter>
    </ClCompile>
    <ClCompile Include="jsonTest.cpp">
      <Filter>Tests</Filter>
    </ClCompile>
    <ClCompile Include="sqlTest.cpp">
      <Filter>Tests</Filter>
    </ClCompile>
    <ClCompile Include="SosTest.cpp">
      <Filter>Tests</Filter>
    </ClCompile>
    <ClCompile Include="CachingStream.cpp">
      <Filter>Source Files</Filter>
    </ClCompile>
    <ClCompile Include="SosReader.cpp">
      <Filter>Source Files</Filter>
    </ClCompile>
    <ClCompile Include="NoiseReaderWriter.cpp">
      <Filter>Source Files</Filter>
    </ClCompile>
    <ClCompile Include="NoiseClassifier.cpp">
      <Filter>Source Files</Filter>
    </ClCompile>
    <ClCompile Include="MobileNoise.cpp">
      <Filter>Source Files</Filter>
    </ClCompile>
    <ClCompile Include="main.cpp">
      <Filter>Source Files</Filter>
    </ClCompile>
  </ItemGroup>
  <ItemGroup>
    <ClInclude Include="..\lib\json\json.h">
      <Filter>Header Files</Filter>
    </ClInclude>
    <ClInclude Include="SosReader.h">
      <Filter>Header Files</Filter>
    </ClInclude>
    <ClInclude Include="Sos.h">
      <Filter>Header Files</Filter>
    </ClInclude>
    <ClInclude Include="SqlTransferable.h">
      <Filter>Header Files</Filter>
    </ClInclude>
    <ClInclude Include="SafeQueue.h">
      <Filter>Header Files</Filter>
    </ClInclude>
    <ClInclude Include="CachingStream.h">
      <Filter>Header Files</Filter>
    </ClInclude>
    <ClInclude Include="NoiseClassifier.h">
      <Filter>Header Files</Filter>
    </ClInclude>
    <ClInclude Include="NoiseReaderWriter.h">
      <Filter>Header Files</Filter>
    </ClInclude>
    <ClInclude Include="NoiseReaderWriter_postgis.h">
      <Filter>Header Files</Filter>
    </ClInclude>
    <ClInclude Include="NoiseData.h">
      <Filter>Header Files</Filter>
    </ClInclude>
    <ClInclude Include="NoiseSeriesClassifier.h">
      <Filter>Header Files</Filter>
    </ClInclude>
    <ClInclude Include="NoiseStreetPointClassifier.h">
      <Filter>Header Files</Filter>
    </ClInclude>
    <ClInclude Include="MobileNoise.h">
      <Filter>Header Files</Filter>
    </ClInclude>
  </ItemGroup>
</Project>